
Microsoft Visual Studio Solution File, Format Version 11.00
# Visual Studio 2010
Project("{FAE04EC0-301F-11D3-BF4B-00C04F79EFBC}") = "Assembly-CSharp", "Assembly-CSharp.csproj", "{8C621F1A-ACC9-EC72-A246-F966C3921864}"
EndProject
Project("{FAE04EC0-301F-11D3-BF4B-00C04F79EFBC}") = "Assembly-CSharp-Editor", "Assembly-CSharp-Editor.csproj", "{C4D28F69-4872-13BC-46E5-4D79EC523674}"
EndProject
Global
	GlobalSection(SolutionConfigurationPlatforms) = preSolution
		Debug|Any CPU = Debug|Any CPU
		Release|Any CPU = Release|Any CPU
	EndGlobalSection
	GlobalSection(ProjectConfigurationPlatforms) = postSolution
		{8C621F1A-ACC9-EC72-A246-F966C3921864}.Debug|Any CPU.ActiveCfg = Debug|Any CPU
		{8C621F1A-ACC9-EC72-A246-F966C3921864}.Debug|Any CPU.Build.0 = Debug|Any CPU
		{8C621F1A-ACC9-EC72-A246-F966C3921864}.Release|Any CPU.ActiveCfg = Release|Any CPU
		{8C621F1A-ACC9-EC72-A246-F966C3921864}.Release|Any CPU.Build.0 = Release|Any CPU
		{C4D28F69-4872-13BC-46E5-4D79EC523674}.Debug|Any CPU.ActiveCfg = Debug|Any CPU
		{C4D28F69-4872-13BC-46E5-4D79EC523674}.Debug|Any CPU.Build.0 = Debug|Any CPU
		{C4D28F69-4872-13BC-46E5-4D79EC523674}.Release|Any CPU.ActiveCfg = Release|Any CPU
		{C4D28F69-4872-13BC-46E5-4D79EC523674}.Release|Any CPU.Build.0 = Release|Any CPU
	EndGlobalSection
	GlobalSection(SolutionProperties) = preSolution
		HideSolutionNode = FALSE
	EndGlobalSection
EndGlobal
